// !$*UTF8*$!
{
	archiveVersion = 1;
	classes = {
	};
	objectVersion = 56;
	objects = {

/* Begin PBXBuildFile section */
		8A7D9A682C1A5D9B0006D864 /* FoodieApp.swift in Sources */ = {isa = PBXBuildFile; fileRef = 8A7D9A672C1A5D9B0006D864 /* FoodieApp.swift */; };
		8A7D9A6A2C1A5D9B0006D864 /* ContentView.swift in Sources */ = {isa = PBXBuildFile; fileRef = 8A7D9A692C1A5D9B0006D864 /* ContentView.swift */; };
		8A7D9A6C2C1A5D9D0006D864 /* Assets.xcassets in Resources */ = {isa = PBXBuildFile; fileRef = 8A7D9A6B2C1A5D9D0006D864 /* Assets.xcassets */; };
		8A7D9A6F2C1A5D9D0006D864 /* Preview Assets.xcassets in Resources */ = {isa = PBXBuildFile; fileRef = 8A7D9A6E2C1A5D9D0006D864 /* Preview Assets.xcassets */; };
		8A7D9A792C1A5D9D0006D864 /* FoodieTests.swift in Sources */ = {isa = PBXBuildFile; fileRef = 8A7D9A782C1A5D9D0006D864 /* FoodieTests.swift */; };
		8A7D9A832C1A5D9D0006D864 /* FoodieUITests.swift in Sources */ = {isa = PBXBuildFile; fileRef = 8A7D9A822C1A5D9D0006D864 /* FoodieUITests.swift */; };
		8A7D9A852C1A5D9D0006D864 /* FoodieUITestsLaunchTests.swift in Sources */ = {isa = PBXBuildFile; fileRef = 8A7D9A842C1A5D9D0006D864 /* FoodieUITestsLaunchTests.swift */; };
		8A7D9A932C1A5E280006D864 /* CoreDataFoodClass.xcdatamodeld in Sources */ = {isa = PBXBuildFile; fileRef = 8A7D9A912C1A5E280006D864 /* CoreDataFoodClass.xcdatamodeld */; };
		8A7D9A952C1A604C0006D864 /* CDDataModel.swift in Sources */ = {isa = PBXBuildFile; fileRef = 8A7D9A942C1A604C0006D864 /* CDDataModel.swift */; };
		8A7D9A972C1A69A40006D864 /* CircleView.swift in Sources */ = {isa = PBXBuildFile; fileRef = 8A7D9A962C1A69A40006D864 /* CircleView.swift */; };
		8A7D9A992C1A798B0006D864 /* TabView.swift in Sources */ = {isa = PBXBuildFile; fileRef = 8A7D9A982C1A798B0006D864 /* TabView.swift */; };
		8A7D9AA12C1A8E990006D864 /* FoodCard.swift in Sources */ = {isa = PBXBuildFile; fileRef = 8A7D9AA02C1A8E990006D864 /* FoodCard.swift */; };
		8A7D9AA32C1A9A930006D864 /* WaterView.swift in Sources */ = {isa = PBXBuildFile; fileRef = 8A7D9AA22C1A9A930006D864 /* WaterView.swift */; };
		8A7D9AA72C1AA5EE0006D864 /* AddView.swift in Sources */ = {isa = PBXBuildFile; fileRef = 8A7D9AA62C1AA5EE0006D864 /* AddView.swift */; };
		8A7D9AB22C1B6C8B0006D864 /* ProfileView.swift in Sources */ = {isa = PBXBuildFile; fileRef = 8A7D9AB12C1B6C8B0006D864 /* ProfileView.swift */; };
		8A7D9AB42C1B6CA40006D864 /* LocationManager.swift in Sources */ = {isa = PBXBuildFile; fileRef = 8A7D9AB32C1B6CA40006D864 /* LocationManager.swift */; };
/* End PBXBuildFile section */

/* Begin PBXContainerItemProxy section */
		8A7D9A752C1A5D9D0006D864 /* PBXContainerItemProxy */ = {
			isa = PBXContainerItemProxy;
			containerPortal = 8A7D9A5C2C1A5D9B0006D864 /* Project object */;
			proxyType = 1;
			remoteGlobalIDString = 8A7D9A632C1A5D9B0006D864;
			remoteInfo = Foodie;
		};
		8A7D9A7F2C1A5D9D0006D864 /* PBXContainerItemProxy */ = {
			isa = PBXContainerItemProxy;
			containerPortal = 8A7D9A5C2C1A5D9B0006D864 /* Project object */;
			proxyType = 1;
			remoteGlobalIDString = 8A7D9A632C1A5D9B0006D864;
			remoteInfo = Foodie;
		};
/* End PBXContainerItemProxy section */

/* Begin PBXFileReference section */
		8A7D9A642C1A5D9B0006D864 /* Foodie.app */ = {isa = PBXFileReference; explicitFileType = wrapper.application; includeInIndex = 0; path = Foodie.app; sourceTree = BUILT_PRODUCTS_DIR; };
		8A7D9A672C1A5D9B0006D864 /* FoodieApp.swift */ = {isa = PBXFileReference; lastKnownFileType = sourcecode.swift; path = FoodieApp.swift; sourceTree = "<group>"; };
		8A7D9A692C1A5D9B0006D864 /* ContentView.swift */ = {isa = PBXFileReference; lastKnownFileType = sourcecode.swift; path = ContentView.swift; sourceTree = "<group>"; };
		8A7D9A6B2C1A5D9D0006D864 /* Assets.xcassets */ = {isa = PBXFileReference; lastKnownFileType = folder.assetcatalog; path = Assets.xcassets; sourceTree = "<group>"; };
		8A7D9A6E2C1A5D9D0006D864 /* Preview Assets.xcassets */ = {isa = PBXFileReference; lastKnownFileType = folder.assetcatalog; path = "Preview Assets.xcassets"; sourceTree = "<group>"; };
		8A7D9A742C1A5D9D0006D864 /* FoodieTests.xctest */ = {isa = PBXFileReference; explicitFileType = wrapper.cfbundle; includeInIndex = 0; path = FoodieTests.xctest; sourceTree = BUILT_PRODUCTS_DIR; };
		8A7D9A782C1A5D9D0006D864 /* FoodieTests.swift */ = {isa = PBXFileReference; lastKnownFileType = sourcecode.swift; path = FoodieTests.swift; sourceTree = "<group>"; };
		8A7D9A7E2C1A5D9D0006D864 /* FoodieUITests.xctest */ = {isa = PBXFileReference; explicitFileType = wrapper.cfbundle; includeInIndex = 0; path = FoodieUITests.xctest; sourceTree = BUILT_PRODUCTS_DIR; };
		8A7D9A822C1A5D9D0006D864 /* FoodieUITests.swift */ = {isa = PBXFileReference; lastKnownFileType = sourcecode.swift; path = FoodieUITests.swift; sourceTree = "<group>"; };
		8A7D9A842C1A5D9D0006D864 /* FoodieUITestsLaunchTests.swift */ = {isa = PBXFileReference; lastKnownFileType = sourcecode.swift; path = FoodieUITestsLaunchTests.swift; sourceTree = "<group>"; };
		8A7D9A922C1A5E280006D864 /* CoreDataFoodClass.xcdatamodel */ = {isa = PBXFileReference; lastKnownFileType = wrapper.xcdatamodel; path = CoreDataFoodClass.xcdatamodel; sourceTree = "<group>"; };
		8A7D9A942C1A604C0006D864 /* CDDataModel.swift */ = {isa = PBXFileReference; lastKnownFileType = sourcecode.swift; path = CDDataModel.swift; sourceTree = "<group>"; };
		8A7D9A962C1A69A40006D864 /* CircleView.swift */ = {isa = PBXFileReference; lastKnownFileType = sourcecode.swift; path = CircleView.swift; sourceTree = "<group>"; };
		8A7D9A982C1A798B0006D864 /* TabView.swift */ = {isa = PBXFileReference; lastKnownFileType = sourcecode.swift; path = TabView.swift; sourceTree = "<group>"; };
		8A7D9AA02C1A8E990006D864 /* FoodCard.swift */ = {isa = PBXFileReference; lastKnownFileType = sourcecode.swift; path = FoodCard.swift; sourceTree = "<group>"; };
		8A7D9AA22C1A9A930006D864 /* WaterView.swift */ = {isa = PBXFileReference; lastKnownFileType = sourcecode.swift; path = WaterView.swift; sourceTree = "<group>"; };
		8A7D9AA62C1AA5EE0006D864 /* AddView.swift */ = {isa = PBXFileReference; lastKnownFileType = sourcecode.swift; path = AddView.swift; sourceTree = "<group>"; };
		8A7D9AB12C1B6C8B0006D864 /* ProfileView.swift */ = {isa = PBXFileReference; lastKnownFileType = sourcecode.swift; path = ProfileView.swift; sourceTree = "<group>"; };
		8A7D9AB32C1B6CA40006D864 /* LocationManager.swift */ = {isa = PBXFileReference; lastKnownFileType = sourcecode.swift; path = LocationManager.swift; sourceTree = "<group>"; };
		8A7D9AB52C1B6CC50006D864 /* Info.plist */ = {isa = PBXFileReference; lastKnownFileType = text.plist; path = Info.plist; sourceTree = "<group>"; };
/* End PBXFileReference section */

/* Begin PBXFrameworksBuildPhase section */
		8A7D9A612C1A5D9B0006D864 /* Frameworks */ = {
			isa = PBXFrameworksBuildPhase;
			buildActionMask = 2147483647;
			files = (
			);
			runOnlyForDeploymentPostprocessing = 0;
		};
		8A7D9A712C1A5D9D0006D864 /* Frameworks */ = {
			isa = PBXFrameworksBuildPhase;
			buildActionMask = 2147483647;
			files = (
			);
			runOnlyForDeploymentPostprocessing = 0;
		};
		8A7D9A7B2C1A5D9D0006D864 /* Frameworks */ = {
			isa = PBXFrameworksBuildPhase;
			buildActionMask = 2147483647;
			files = (
			);
			runOnlyForDeploymentPostprocessing = 0;
		};
/* End PBXFrameworksBuildPhase section */

/* Begin PBXGroup section */
		8A7D9A5B2C1A5D9B0006D864 = {
			isa = PBXGroup;
			children = (
				8A7D9A662C1A5D9B0006D864 /* Foodie */,
				8A7D9A772C1A5D9D0006D864 /* FoodieTests */,
				8A7D9A812C1A5D9D0006D864 /* FoodieUITests */,
				8A7D9A652C1A5D9B0006D864 /* Products */,
			);
			sourceTree = "<group>";
		};
		8A7D9A652C1A5D9B0006D864 /* Products */ = {
			isa = PBXGroup;
			children = (
				8A7D9A642C1A5D9B0006D864 /* Foodie.app */,
				8A7D9A742C1A5D9D0006D864 /* FoodieTests.xctest */,
				8A7D9A7E2C1A5D9D0006D864 /* FoodieUITests.xctest */,
			);
			name = Products;
			sourceTree = "<group>";
		};
		8A7D9A662C1A5D9B0006D864 /* Foodie */ = {
			isa = PBXGroup;
			children = (
				8A7D9AB52C1B6CC50006D864 /* Info.plist */,
				8A7D9AB02C1B6BF40006D864 /* Other */,
				8A7D9AAF2C1B6BDF0006D864 /* Model */,
				8A7D9AAE2C1B6BC80006D864 /* View */,
				8A7D9AAD2C1B6BAF0006D864 /* Controller */,
				8A7D9A6B2C1A5D9D0006D864 /* Assets.xcassets */,
				8A7D9A6D2C1A5D9D0006D864 /* Preview Content */,
			);
			path = Foodie;
			sourceTree = "<group>";
		};
		8A7D9A6D2C1A5D9D0006D864 /* Preview Content */ = {
			isa = PBXGroup;
			children = (
				8A7D9A6E2C1A5D9D0006D864 /* Preview Assets.xcassets */,
			);
			path = "Preview Content";
			sourceTree = "<group>";
		};
		8A7D9A772C1A5D9D0006D864 /* FoodieTests */ = {
			isa = PBXGroup;
			children = (
				8A7D9A782C1A5D9D0006D864 /* FoodieTests.swift */,
			);
			path = FoodieTests;
			sourceTree = "<group>";
		};
		8A7D9A812C1A5D9D0006D864 /* FoodieUITests */ = {
			isa = PBXGroup;
			children = (
				8A7D9A822C1A5D9D0006D864 /* FoodieUITests.swift */,
				8A7D9A842C1A5D9D0006D864 /* FoodieUITestsLaunchTests.swift */,
			);
			path = FoodieUITests;
			sourceTree = "<group>";
		};
		8A7D9AAD2C1B6BAF0006D864 /* Controller */ = {
			isa = PBXGroup;
			children = (
				8A7D9AB32C1B6CA40006D864 /* LocationManager.swift */,
			);
			name = Controller;
			sourceTree = "<group>";
		};
		8A7D9AAE2C1B6BC80006D864 /* View */ = {
			isa = PBXGroup;
			children = (
				8A7D9AA62C1AA5EE0006D864 /* AddView.swift */,
				8A7D9AA02C1A8E990006D864 /* FoodCard.swift */,
				8A7D9AA22C1A9A930006D864 /* WaterView.swift */,
				8A7D9A982C1A798B0006D864 /* TabView.swift */,
				8A7D9A962C1A69A40006D864 /* CircleView.swift */,
				8A7D9A692C1A5D9B0006D864 /* ContentView.swift */,
				8A7D9AB12C1B6C8B0006D864 /* ProfileView.swift */,
			);
			name = View;
			sourceTree = "<group>";
		};
		8A7D9AAF2C1B6BDF0006D864 /* Model */ = {
			isa = PBXGroup;
			children = (
				8A7D9A912C1A5E280006D864 /* CoreDataFoodClass.xcdatamodeld */,
				8A7D9A942C1A604C0006D864 /* CDDataModel.swift */,
			);
			name = Model;
			sourceTree = "<group>";
		};
		8A7D9AB02C1B6BF40006D864 /* Other */ = {
			isa = PBXGroup;
			children = (
				8A7D9A672C1A5D9B0006D864 /* FoodieApp.swift */,
			);
			name = Other;
			sourceTree = "<group>";
		};
/* End PBXGroup section */

/* Begin PBXNativeTarget section */
		8A7D9A632C1A5D9B0006D864 /* Foodie */ = {
			isa = PBXNativeTarget;
			buildConfigurationList = 8A7D9A882C1A5D9D0006D864 /* Build configuration list for PBXNativeTarget "Foodie" */;
			buildPhases = (
				8A7D9A602C1A5D9B0006D864 /* Sources */,
				8A7D9A612C1A5D9B0006D864 /* Frameworks */,
				8A7D9A622C1A5D9B0006D864 /* Resources */,
			);
			buildRules = (
			);
			dependencies = (
			);
			name = Foodie;
			productName = Foodie;
			productReference = 8A7D9A642C1A5D9B0006D864 /* Foodie.app */;
			productType = "com.apple.product-type.application";
		};
		8A7D9A732C1A5D9D0006D864 /* FoodieTests */ = {
			isa = PBXNativeTarget;
			buildConfigurationList = 8A7D9A8B2C1A5D9D0006D864 /* Build configuration list for PBXNativeTarget "FoodieTests" */;
			buildPhases = (
				8A7D9A702C1A5D9D0006D864 /* Sources */,
				8A7D9A712C1A5D9D0006D864 /* Frameworks */,
				8A7D9A722C1A5D9D0006D864 /* Resources */,
			);
			buildRules = (
			);
			dependencies = (
				8A7D9A762C1A5D9D0006D864 /* PBXTargetDependency */,
			);
			name = FoodieTests;
			productName = FoodieTests;
			productReference = 8A7D9A742C1A5D9D0006D864 /* FoodieTests.xctest */;
			productType = "com.apple.product-type.bundle.unit-test";
		};
		8A7D9A7D2C1A5D9D0006D864 /* FoodieUITests */ = {
			isa = PBXNativeTarget;
			buildConfigurationList = 8A7D9A8E2C1A5D9D0006D864 /* Build configuration list for PBXNativeTarget "FoodieUITests" */;
			buildPhases = (
				8A7D9A7A2C1A5D9D0006D864 /* Sources */,
				8A7D9A7B2C1A5D9D0006D864 /* Frameworks */,
				8A7D9A7C2C1A5D9D0006D864 /* Resources */,
			);
			buildRules = (
			);
			dependencies = (
				8A7D9A802C1A5D9D0006D864 /* PBXTargetDependency */,
			);
			name = FoodieUITests;
			productName = FoodieUITests;
			productReference = 8A7D9A7E2C1A5D9D0006D864 /* FoodieUITests.xctest */;
			productType = "com.apple.product-type.bundle.ui-testing";
		};
/* End PBXNativeTarget section */

/* Begin PBXProject section */
		8A7D9A5C2C1A5D9B0006D864 /* Project object */ = {
			isa = PBXProject;
			attributes = {
				BuildIndependentTargetsInParallel = 1;
				LastSwiftUpdateCheck = 1430;
				LastUpgradeCheck = 1430;
				TargetAttributes = {
					8A7D9A632C1A5D9B0006D864 = {
						CreatedOnToolsVersion = 14.3;
					};
					8A7D9A732C1A5D9D0006D864 = {
						CreatedOnToolsVersion = 14.3;
						TestTargetID = 8A7D9A632C1A5D9B0006D864;
					};
					8A7D9A7D2C1A5D9D0006D864 = {
						CreatedOnToolsVersion = 14.3;
						TestTargetID = 8A7D9A632C1A5D9B0006D864;
					};
				};
			};
			buildConfigurationList = 8A7D9A5F2C1A5D9B0006D864 /* Build configuration list for PBXProject "Foodie" */;
			compatibilityVersion = "Xcode 14.0";
			developmentRegion = en;
			hasScannedForEncodings = 0;
			knownRegions = (
				en,
				Base,
			);
			mainGroup = 8A7D9A5B2C1A5D9B0006D864;
			productRefGroup = 8A7D9A652C1A5D9B0006D864 /* Products */;
			projectDirPath = "";
			projectRoot = "";
			targets = (
				8A7D9A632C1A5D9B0006D864 /* Foodie */,
				8A7D9A732C1A5D9D0006D864 /* FoodieTests */,
				8A7D9A7D2C1A5D9D0006D864 /* FoodieUITests */,
			);
		};
/* End PBXProject section */

/* Begin PBXResourcesBuildPhase section */
		8A7D9A622C1A5D9B0006D864 /* Resources */ = {
			isa = PBXResourcesBuildPhase;
			buildActionMask = 2147483647;
			files = (
				8A7D9A6F2C1A5D9D0006D864 /* Preview Assets.xcassets in Resources */,
				8A7D9A6C2C1A5D9D0006D864 /* Assets.xcassets in Resources */,
			);
			runOnlyForDeploymentPostprocessing = 0;
		};
		8A7D9A722C1A5D9D0006D864 /* Resources */ = {
			isa = PBXResourcesBuildPhase;
			buildActionMask = 2147483647;
			files = (
			);
			runOnlyForDeploymentPostprocessing = 0;
		};
		8A7D9A7C2C1A5D9D0006D864 /* Resources */ = {
			isa = PBXResourcesBuildPhase;
			buildActionMask = 2147483647;
			files = (
			);
			runOnlyForDeploymentPostprocessing = 0;
		};
/* End PBXResourcesBuildPhase section */

/* Begin PBXSourcesBuildPhase section */
		8A7D9A602C1A5D9B0006D864 /* Sources */ = {
			isa = PBXSourcesBuildPhase;
			buildActionMask = 2147483647;
			files = (
				8A7D9AA32C1A9A930006D864 /* WaterView.swift in Sources */,
				8A7D9A6A2C1A5D9B0006D864 /* ContentView.swift in Sources */,
				8A7D9AB22C1B6C8B0006D864 /* ProfileView.swift in Sources */,
				8A7D9AB42C1B6CA40006D864 /* LocationManager.swift in Sources */,
				8A7D9AA72C1AA5EE0006D864 /* AddView.swift in Sources */,
				8A7D9AA12C1A8E990006D864 /* FoodCard.swift in Sources */,
				8A7D9A972C1A69A40006D864 /* CircleView.swift in Sources */,
				8A7D9A682C1A5D9B0006D864 /* FoodieApp.swift in Sources */,
				8A7D9A952C1A604C0006D864 /* CDDataModel.swift in Sources */,
				8A7D9A992C1A798B0006D864 /* TabView.swift in Sources */,
				8A7D9A932C1A5E280006D864 /* CoreDataFoodClass.xcdatamodeld in Sources */,
			);
			runOnlyForDeploymentPostprocessing = 0;
		};
		8A7D9A702C1A5D9D0006D864 /* Sources */ = {
			isa = PBXSourcesBuildPhase;
			buildActionMask = 2147483647;
			files = (
				8A7D9A792C1A5D9D0006D864 /* FoodieTests.swift in Sources */,
			);
			runOnlyForDeploymentPostprocessing = 0;
		};
		8A7D9A7A2C1A5D9D0006D864 /* Sources */ = {
			isa = PBXSourcesBuildPhase;
			buildActionMask = 2147483647;
			files = (
				8A7D9A852C1A5D9D0006D864 /* FoodieUITestsLaunchTests.swift in Sources */,
				8A7D9A832C1A5D9D0006D864 /* FoodieUITests.swift in Sources */,
			);
			runOnlyForDeploymentPostprocessing = 0;
		};
/* End PBXSourcesBuildPhase section */

/* Begin PBXTargetDependency section */
		8A7D9A762C1A5D9D0006D864 /* PBXTargetDependency */ = {
			isa = PBXTargetDependency;
			target = 8A7D9A632C1A5D9B0006D864 /* Foodie */;
			targetProxy = 8A7D9A752C1A5D9D0006D864 /* PBXContainerItemProxy */;
		};
		8A7D9A802C1A5D9D0006D864 /* PBXTargetDependency */ = {
			isa = PBXTargetDependency;
			target = 8A7D9A632C1A5D9B0006D864 /* Foodie */;
			targetProxy = 8A7D9A7F2C1A5D9D0006D864 /* PBXContainerItemProxy */;
		};
/* End PBXTargetDependency section */

/* Begin XCBuildConfiguration section */
		8A7D9A862C1A5D9D0006D864 /* Debug */ = {
			isa = XCBuildConfiguration;
			buildSettings = {
				ALWAYS_SEARCH_USER_PATHS = NO;
				CLANG_ANALYZER_NONNULL = YES;
				CLANG_ANALYZER_NUMBER_OBJECT_CONVERSION = YES_AGGRESSIVE;
				CLANG_CXX_LANGUAGE_STANDARD = "gnu++20";
				CLANG_ENABLE_MODULES = YES;
				CLANG_ENABLE_OBJC_ARC = YES;
				CLANG_ENABLE_OBJC_WEAK = YES;
				CLANG_WARN_BLOCK_CAPTURE_AUTORELEASING = YES;
				CLANG_WARN_BOOL_CONVERSION = YES;
				CLANG_WARN_COMMA = YES;
				CLANG_WARN_CONSTANT_CONVERSION = YES;
				CLANG_WARN_DEPRECATED_OBJC_IMPLEMENTATIONS = YES;
				CLANG_WARN_DIRECT_OBJC_ISA_USAGE = YES_ERROR;
				CLANG_WARN_DOCUMENTATION_COMMENTS = YES;
				CLANG_WARN_EMPTY_BODY = YES;
				CLANG_WARN_ENUM_CONVERSION = YES;
				CLANG_WARN_INFINITE_RECURSION = YES;
				CLANG_WARN_INT_CONVERSION = YES;
				CLANG_WARN_NON_LITERAL_NULL_CONVERSION = YES;
				CLANG_WARN_OBJC_IMPLICIT_RETAIN_SELF = YES;
				CLANG_WARN_OBJC_LITERAL_CONVERSION = YES;
				CLANG_WARN_OBJC_ROOT_CLASS = YES_ERROR;
				CLANG_WARN_QUOTED_INCLUDE_IN_FRAMEWORK_HEADER = YES;
				CLANG_WARN_RANGE_LOOP_ANALYSIS = YES;
				CLANG_WARN_STRICT_PROTOTYPES = YES;
				CLANG_WARN_SUSPICIOUS_MOVE = YES;
				CLANG_WARN_UNGUARDED_AVAILABILITY = YES_AGGRESSIVE;
				CLANG_WARN_UNREACHABLE_CODE = YES;
				CLANG_WARN__DUPLICATE_METHOD_MATCH = YES;
				COPY_PHASE_STRIP = NO;
				DEBUG_INFORMATION_FORMAT = dwarf;
				ENABLE_STRICT_OBJC_MSGSEND = YES;
				ENABLE_TESTABILITY = YES;
				GCC_C_LANGUAGE_STANDARD = gnu11;
				GCC_DYNAMIC_NO_PIC = NO;
				GCC_NO_COMMON_BLOCKS = YES;
				GCC_OPTIMIZATION_LEVEL = 0;
				GCC_PREPROCESSOR_DEFINITIONS = (
					"DEBUG=1",
					"$(inherited)",
				);
				GCC_WARN_64_TO_32_BIT_CONVERSION = YES;
				GCC_WARN_ABOUT_RETURN_TYPE = YES_ERROR;
				GCC_WARN_UNDECLARED_SELECTOR = YES;
				GCC_WARN_UNINITIALIZED_AUTOS = YES_AGGRESSIVE;
				GCC_WARN_UNUSED_FUNCTION = YES;
				GCC_WARN_UNUSED_VARIABLE = YES;
				IPHONEOS_DEPLOYMENT_TARGET = 16.4;
				MTL_ENABLE_DEBUG_INFO = INCLUDE_SOURCE;
				MTL_FAST_MATH = YES;
				ONLY_ACTIVE_ARCH = YES;
				SDKROOT = iphoneos;
				SWIFT_ACTIVE_COMPILATION_CONDITIONS = DEBUG;
				SWIFT_OPTIMIZATION_LEVEL = "-Onone";
			};
			name = Debug;
		};
		8A7D9A872C1A5D9D0006D864 /* Release */ = {
			isa = XCBuildConfiguration;
			buildSettings = {
				ALWAYS_SEARCH_USER_PATHS = NO;
				CLANG_ANALYZER_NONNULL = YES;
				CLANG_ANALYZER_NUMBER_OBJECT_CONVERSION = YES_AGGRESSIVE;
				CLANG_CXX_LANGUAGE_STANDARD = "gnu++20";
				CLANG_ENABLE_MODULES = YES;
				CLANG_ENABLE_OBJC_ARC = YES;
				CLANG_ENABLE_OBJC_WEAK = YES;
				CLANG_WARN_BLOCK_CAPTURE_AUTORELEASING = YES;
				CLANG_WARN_BOOL_CONVERSION = YES;
				CLANG_WARN_COMMA = YES;
				CLANG_WARN_CONSTANT_CONVERSION = YES;
				CLANG_WARN_DEPRECATED_OBJC_IMPLEMENTATIONS = YES;
				CLANG_WARN_DIRECT_OBJC_ISA_USAGE = YES_ERROR;
				CLANG_WARN_DOCUMENTATION_COMMENTS = YES;
				CLANG_WARN_EMPTY_BODY = YES;
				CLANG_WARN_ENUM_CONVERSION = YES;
				CLANG_WARN_INFINITE_RECURSION = YES;
				CLANG_WARN_INT_CONVERSION = YES;
				CLANG_WARN_NON_LITERAL_NULL_CONVERSION = YES;
				CLANG_WARN_OBJC_IMPLICIT_RETAIN_SELF = YES;
				CLANG_WARN_OBJC_LITERAL_CONVERSION = YES;
				CLANG_WARN_OBJC_ROOT_CLASS = YES_ERROR;
				CLANG_WARN_QUOTED_INCLUDE_IN_FRAMEWORK_HEADER = YES;
				CLANG_WARN_RANGE_LOOP_ANALYSIS = YES;
				CLANG_WARN_STRICT_PROTOTYPES = YES;
				CLANG_WARN_SUSPICIOUS_MOVE = YES;
				CLANG_WARN_UNGUARDED_AVAILABILITY = YES_AGGRESSIVE;
				CLANG_WARN_UNREACHABLE_CODE = YES;
				CLANG_WARN__DUPLICATE_METHOD_MATCH = YES;
				COPY_PHASE_STRIP = NO;
				DEBUG_INFORMATION_FORMAT = "dwarf-with-dsym";
				ENABLE_NS_ASSERTIONS = NO;
				ENABLE_STRICT_OBJC_MSGSEND = YES;
				GCC_C_LANGUAGE_STANDARD = gnu11;
				GCC_NO_COMMON_BLOCKS = YES;
				GCC_WARN_64_TO_32_BIT_CONVERSION = YES;
				GCC_WARN_ABOUT_RETURN_TYPE = YES_ERROR;
				GCC_WARN_UNDECLARED_SELECTOR = YES;
				GCC_WARN_UNINITIALIZED_AUTOS = YES_AGGRESSIVE;
				GCC_WARN_UNUSED_FUNCTION = YES;
				GCC_WARN_UNUSED_VARIABLE = YES;
				IPHONEOS_DEPLOYMENT_TARGET = 16.4;
				MTL_ENABLE_DEBUG_INFO = NO;
				MTL_FAST_MATH = YES;
				SDKROOT = iphoneos;
				SWIFT_COMPILATION_MODE = wholemodule;
				SWIFT_OPTIMIZATION_LEVEL = "-O";
				VALIDATE_PRODUCT = YES;
			};
			name = Release;
		};
		8A7D9A892C1A5D9D0006D864 /* Debug */ = {
			isa = XCBuildConfiguration;
			buildSettings = {
				ASSETCATALOG_COMPILER_APPICON_NAME = AppIcon;
				ASSETCATALOG_COMPILER_GLOBAL_ACCENT_COLOR_NAME = AccentColor;
				CODE_SIGN_STYLE = Automatic;
				CURRENT_PROJECT_VERSION = 1;
				DEVELOPMENT_ASSET_PATHS = "\"Foodie/Preview Content\"";
				ENABLE_PREVIEWS = YES;
				GENERATE_INFOPLIST_FILE = YES;
				INFOPLIST_FILE = Foodie/Info.plist;
				INFOPLIST_KEY_NSLocationWhenInUseUsageDescription = "We need your location to show it on the map";
				INFOPLIST_KEY_UIApplicationSceneManifest_Generation = YES;
				INFOPLIST_KEY_UIApplicationSupportsIndirectInputEvents = YES;
				INFOPLIST_KEY_UILaunchScreen_Generation = YES;
				INFOPLIST_KEY_UISupportedInterfaceOrientations_iPad = "UIInterfaceOrientationPortrait UIInterfaceOrientationPortraitUpsideDown UIInterfaceOrientationLandscapeLeft UIInterfaceOrientationLandscapeRight";
				INFOPLIST_KEY_UISupportedInterfaceOrientations_iPhone = "UIInterfaceOrientationPortrait UIInterfaceOrientationLandscapeLeft UIInterfaceOrientationLandscapeRight";
				LD_RUNPATH_SEARCH_PATHS = (
					"$(inherited)",
					"@executable_path/Frameworks",
				);
				MARKETING_VERSION = 1.0;
				PRODUCT_BUNDLE_IDENTIFIER = IT20643522.Foodie;
				PRODUCT_NAME = "$(TARGET_NAME)";
				SWIFT_EMIT_LOC_STRINGS = YES;
				SWIFT_VERSION = 5.0;
				TARGETED_DEVICE_FAMILY = "1,2";
			};
			name = Debug;
		};
		8A7D9A8A2C1A5D9D0006D864 /* Release */ = {
			isa = XCBuildConfiguration;
			buildSettings = {
				ASSETCATALOG_COMPILER_APPICON_NAME = AppIcon;
				ASSETCATALOG_COMPILER_GLOBAL_ACCENT_COLOR_NAME = AccentColor;
				CODE_SIGN_STYLE = Automatic;
				CURRENT_PROJECT_VERSION = 1;
				DEVELOPMENT_ASSET_PATHS = "\"Foodie/Preview Content\"";
				ENABLE_PREVIEWS = YES;
				GENERATE_INFOPLIST_FILE = YES;
				INFOPLIST_FILE = Foodie/Info.plist;
				INFOPLIST_KEY_NSLocationWhenInUseUsageDescription = "We need your location to show it on the map";
				INFOPLIST_KEY_UIApplicationSceneManifest_Generation = YES;
				INFOPLIST_KEY_UIApplicationSupportsIndirectInputEvents = YES;
				INFOPLIST_KEY_UILaunchScreen_Generation = YES;
				INFOPLIST_KEY_UISupportedInterfaceOrientations_iPad = "UIInterfaceOrientationPortrait UIInterfaceOrientationPortraitUpsideDown UIInterfaceOrientationLandscapeLeft UIInterfaceOrientationLandscapeRight";
				INFOPLIST_KEY_UISupportedInterfaceOrientations_iPhone = "UIInterfaceOrientationPortrait UIInterfaceOrientationLandscapeLeft UIInterfaceOrientationLandscapeRight";
				LD_RUNPATH_SEARCH_PATHS = (
					"$(inherited)",
					"@executable_path/Frameworks",
				);
				MARKETING_VERSION = 1.0;
				PRODUCT_BUNDLE_IDENTIFIER = IT20643522.Foodie;
				PRODUCT_NAME = "$(TARGET_NAME)";
				SWIFT_EMIT_LOC_STRINGS = YES;
				SWIFT_VERSION = 5.0;
				TARGETED_DEVICE_FAMILY = "1,2";
			};
			name = Release;
		};
		8A7D9A8C2C1A5D9D0006D864 /* Debug */ = {
			isa = XCBuildConfiguration;
			buildSettings = {
				ALWAYS_EMBED_SWIFT_STANDARD_LIBRARIES = YES;
				BUNDLE_LOADER = "$(TEST_HOST)";
				CODE_SIGN_STYLE = Automatic;
				CURRENT_PROJECT_VERSION = 1;
				GENERATE_INFOPLIST_FILE = YES;
				IPHONEOS_DEPLOYMENT_TARGET = 16.4;
				MARKETING_VERSION = 1.0;
				PRODUCT_BUNDLE_IDENTIFIER = IT20643522.FoodieTests;
				PRODUCT_NAME = "$(TARGET_NAME)";
				SWIFT_EMIT_LOC_STRINGS = NO;
				SWIFT_VERSION = 5.0;
				TARGETED_DEVICE_FAMILY = "1,2";
				TEST_HOST = "$(BUILT_PRODUCTS_DIR)/Foodie.app/$(BUNDLE_EXECUTABLE_FOLDER_PATH)/Foodie";
			};
			name = Debug;
		};
		8A7D9A8D2C1A5D9D0006D864 /* Release */ = {
			isa = XCBuildConfiguration;
			buildSettings = {
				ALWAYS_EMBED_SWIFT_STANDARD_LIBRARIES = YES;
				BUNDLE_LOADER = "$(TEST_HOST)";
				CODE_SIGN_STYLE = Automatic;
				CURRENT_PROJECT_VERSION = 1;
				GENERATE_INFOPLIST_FILE = YES;
				IPHONEOS_DEPLOYMENT_TARGET = 16.4;
				MARKETING_VERSION = 1.0;
				PRODUCT_BUNDLE_IDENTIFIER = IT20643522.FoodieTests;
				PRODUCT_NAME = "$(TARGET_NAME)";
				SWIFT_EMIT_LOC_STRINGS = NO;
				SWIFT_VERSION = 5.0;
				TARGETED_DEVICE_FAMILY = "1,2";
				TEST_HOST = "$(BUILT_PRODUCTS_DIR)/Foodie.app/$(BUNDLE_EXECUTABLE_FOLDER_PATH)/Foodie";
			};
			name = Release;
		};
		8A7D9A8F2C1A5D9D0006D864 /* Debug */ = {
			isa = XCBuildConfiguration;
			buildSettings = {
				ALWAYS_EMBED_SWIFT_STANDARD_LIBRARIES = YES;
				CODE_SIGN_STYLE = Automatic;
				CURRENT_PROJECT_VERSION = 1;
				GENERATE_INFOPLIST_FILE = YES;
				MARKETING_VERSION = 1.0;
				PRODUCT_BUNDLE_IDENTIFIER = IT20643522.FoodieUITests;
				PRODUCT_NAME = "$(TARGET_NAME)";
				SWIFT_EMIT_LOC_STRINGS = NO;
				SWIFT_VERSION = 5.0;
				TARGETED_DEVICE_FAMILY = "1,2";
				TEST_TARGET_NAME = Foodie;
			};
			name = Debug;
		};
		8A7D9A902C1A5D9D0006D864 /* Release */ = {
			isa = XCBuildConfiguration;
			buildSettings = {
				ALWAYS_EMBED_SWIFT_STANDARD_LIBRARIES = YES;
				CODE_SIGN_STYLE = Automatic;
				CURRENT_PROJECT_VERSION = 1;
				GENERATE_INFOPLIST_FILE = YES;
				MARKETING_VERSION = 1.0;
				PRODUCT_BUNDLE_IDENTIFIER = IT20643522.FoodieUITests;
				PRODUCT_NAME = "$(TARGET_NAME)";
				SWIFT_EMIT_LOC_STRINGS = NO;
				SWIFT_VERSION = 5.0;
				TARGETED_DEVICE_FAMILY = "1,2";
				TEST_TARGET_NAME = Foodie;
			};
			name = Release;
		};
/* End XCBuildConfiguration section */

/* Begin XCConfigurationList section */
		8A7D9A5F2C1A5D9B0006D864 /* Build configuration list for PBXProject "Foodie" */ = {
			isa = XCConfigurationList;
			buildConfigurations = (
				8A7D9A862C1A5D9D0006D864 /* Debug */,
				8A7D9A872C1A5D9D0006D864 /* Release */,
			);
			defaultConfigurationIsVisible = 0;
			defaultConfigurationName = Release;
		};
		8A7D9A882C1A5D9D0006D864 /* Build configuration list for PBXNativeTarget "Foodie" */ = {
			isa = XCConfigurationList;
			buildConfigurations = (
				8A7D9A892C1A5D9D0006D864 /* Debug */,
				8A7D9A8A2C1A5D9D0006D864 /* Release */,
			);
			defaultConfigurationIsVisible = 0;
			defaultConfigurationName = Release;
		};
		8A7D9A8B2C1A5D9D0006D864 /* Build configuration list for PBXNativeTarget "FoodieTests" */ = {
			isa = XCConfigurationList;
			buildConfigurations = (
				8A7D9A8C2C1A5D9D0006D864 /* Debug */,
				8A7D9A8D2C1A5D9D0006D864 /* Release */,
			);
			defaultConfigurationIsVisible = 0;
			defaultConfigurationName = Release;
		};
		8A7D9A8E2C1A5D9D0006D864 /* Build configuration list for PBXNativeTarget "FoodieUITests" */ = {
			isa = XCConfigurationList;
			buildConfigurations = (
				8A7D9A8F2C1A5D9D0006D864 /* Debug */,
				8A7D9A902C1A5D9D0006D864 /* Release */,
			);
			defaultConfigurationIsVisible = 0;
			defaultConfigurationName = Release;
		};
/* End XCConfigurationList section */

/* Begin XCVersionGroup section */
		8A7D9A912C1A5E280006D864 /* CoreDataFoodClass.xcdatamodeld */ = {
			isa = XCVersionGroup;
			children = (
				8A7D9A922C1A5E280006D864 /* CoreDataFoodClass.xcdatamodel */,
			);
			currentVersion = 8A7D9A922C1A5E280006D864 /* CoreDataFoodClass.xcdatamodel */;
			path = CoreDataFoodClass.xcdatamodeld;
			sourceTree = "<group>";
			versionGroupType = wrapper.xcdatamodel;
		};
/* End XCVersionGroup section */
	};
	rootObject = 8A7D9A5C2C1A5D9B0006D864 /* Project object */;
}
